
Microsoft Visual Studio Solution File, Format Version 12.00
# Visual Studio Version 16
VisualStudioVersion = 16.0.31205.134
MinimumVisualStudioVersion = 10.0.40219.1
Project("{FAE04EC0-301F-11D3-BF4B-00C04F79EFBC}") = "POS0", "POS0.csproj", "{98F47A10-AB19-4963-A78B-6F7E99ACC7F7}"
EndProject
Global
	GlobalSection(SolutionConfigurationPlatforms) = preSolution
		Debug|Any CPU = Debug|Any CPU
		Release|Any CPU = Release|Any CPU
	EndGlobalSection
	GlobalSection(ProjectConfigurationPlatforms) = postSolution
		{98F47A10-AB19-4963-A78B-6F7E99ACC7F7}.Debug|Any CPU.ActiveCfg = Debug|Any CPU
		{98F47A10-AB19-4963-A78B-6F7E99ACC7F7}.Debug|Any CPU.Build.0 = Debug|Any CPU
		{98F47A10-AB19-4963-A78B-6F7E99ACC7F7}.Release|Any CPU.ActiveCfg = Release|Any CPU
		{98F47A10-AB19-4963-A78B-6F7E99ACC7F7}.Release|Any CPU.Build.0 = Release|Any CPU
	EndGlobalSection
	GlobalSection(SolutionProperties) = preSolution
		HideSolutionNode = FALSE
	EndGlobalSection
	GlobalSection(ExtensibilityGlobals) = postSolution
		SolutionGuid = {809AD314-64D8-4593-8147-21182AA05B80}
	EndGlobalSection
EndGlobal
